
Microsoft Visual Studio Solution File, Format Version 12.00
# Visual Studio Version 17
VisualStudioVersion = 17.5.33516.290
MinimumVisualStudioVersion = 10.0.40219.1
Project("{FAE04EC0-301F-11D3-BF4B-00C04F79EFBC}") = "SampleAPI", "SampleAPI.csproj", "{092A1E4D-6532-4235-8260-555944DC2127}"
EndProject
Global
	GlobalSection(SolutionConfigurationPlatforms) = preSolution
		Debug|Any CPU = Debug|Any CPU
		Release|Any CPU = Release|Any CPU
	EndGlobalSection
	GlobalSection(ProjectConfigurationPlatforms) = postSolution
		{092A1E4D-6532-4235-8260-555944DC2127}.Debug|Any CPU.ActiveCfg = Debug|Any CPU
		{092A1E4D-6532-4235-8260-555944DC2127}.Debug|Any CPU.Build.0 = Debug|Any CPU
		{092A1E4D-6532-4235-8260-555944DC2127}.Release|Any CPU.ActiveCfg = Release|Any CPU
		{092A1E4D-6532-4235-8260-555944DC2127}.Release|Any CPU.Build.0 = Release|Any CPU
	EndGlobalSection
	GlobalSection(SolutionProperties) = preSolution
		HideSolutionNode = FALSE
	EndGlobalSection
	GlobalSection(ExtensibilityGlobals) = postSolution
		SolutionGuid = {8335972A-7330-4333-932A-00BF34733F6D}
	EndGlobalSection
EndGlobal
